
Microsoft Visual Studio Solution File, Format Version 12.00
# Visual Studio 15
VisualStudioVersion = 15.0.27703.2042
MinimumVisualStudioVersion = 10.0.40219.1
Project("{9A19103F-16F7-4668-BE54-9A1E7A4F7556}") = "Ochs", "Ochs\Ochs.csproj", "{A1EDCC7D-51B8-4C7B-A836-760EDCB6477D}"
EndProject
Project("{9A19103F-16F7-4668-BE54-9A1E7A4F7556}") = "OchsTest", "OchsTest\OchsTest.csproj", "{1E45A4AF-596E-4C37-AA28-25C68DE06995}"
EndProject
Global
	GlobalSection(SolutionConfigurationPlatforms) = preSolution
		Debug|Any CPU = Debug|Any CPU
		Release|Any CPU = Release|Any CPU
	EndGlobalSection
	GlobalSection(ProjectConfigurationPlatforms) = postSolution
		{A1EDCC7D-51B8-4C7B-A836-760EDCB6477D}.Debug|Any CPU.ActiveCfg = Debug|Any CPU
		{A1EDCC7D-51B8-4C7B-A836-760EDCB6477D}.Debug|Any CPU.Build.0 = Debug|Any CPU
		{A1EDCC7D-51B8-4C7B-A836-760EDCB6477D}.Release|Any CPU.ActiveCfg = Release|Any CPU
		{A1EDCC7D-51B8-4C7B-A836-760EDCB6477D}.Release|Any CPU.Build.0 = Release|Any CPU
		{1E45A4AF-596E-4C37-AA28-25C68DE06995}.Debug|Any CPU.ActiveCfg = Debug|Any CPU
		{1E45A4AF-596E-4C37-AA28-25C68DE06995}.Debug|Any CPU.Build.0 = Debug|Any CPU
		{1E45A4AF-596E-4C37-AA28-25C68DE06995}.Release|Any CPU.ActiveCfg = Release|Any CPU
		{1E45A4AF-596E-4C37-AA28-25C68DE06995}.Release|Any CPU.Build.0 = Release|Any CPU
	EndGlobalSection
	GlobalSection(SolutionProperties) = preSolution
		HideSolutionNode = FALSE
	EndGlobalSection
	GlobalSection(ExtensibilityGlobals) = postSolution
		SolutionGuid = {B560FAB4-4FCC-46DB-AAE7-53158089B695}
	EndGlobalSection
EndGlobal
